
Microsoft Visual Studio Solution File, Format Version 12.00
# Visual Studio Version 17
VisualStudioVersion = 17.7.34221.43
MinimumVisualStudioVersion = 10.0.40219.1
Project("{FAE04EC0-301F-11D3-BF4B-00C04F79EFBC}") = "BSI.Integra.Servicios", "BSI.Integra.Servicios\BSI.Integra.Servicios.csproj", "{E83DFA15-627F-4A29-8BD7-14DBB2888A82}"
EndProject
Project("{FAE04EC0-301F-11D3-BF4B-00C04F79EFBC}") = "BSI.Integra.Aplicacion.Comercial", "BSI.Integra.Aplicacion.Comercial\BSI.Integra.Aplicacion.Comercial.csproj", "{9746FC79-60F7-4AF8-B4D5-C543250EB92B}"
EndProject
Global
	GlobalSection(SolutionConfigurationPlatforms) = preSolution
		Debug|Any CPU = Debug|Any CPU
		Release|Any CPU = Release|Any CPU
	EndGlobalSection
	GlobalSection(ProjectConfigurationPlatforms) = postSolution
		{E83DFA15-627F-4A29-8BD7-14DBB2888A82}.Debug|Any CPU.ActiveCfg = Debug|Any CPU
		{E83DFA15-627F-4A29-8BD7-14DBB2888A82}.Debug|Any CPU.Build.0 = Debug|Any CPU
		{E83DFA15-627F-4A29-8BD7-14DBB2888A82}.Release|Any CPU.ActiveCfg = Release|Any CPU
		{E83DFA15-627F-4A29-8BD7-14DBB2888A82}.Release|Any CPU.Build.0 = Release|Any CPU
		{9746FC79-60F7-4AF8-B4D5-C543250EB92B}.Debug|Any CPU.ActiveCfg = Debug|Any CPU
		{9746FC79-60F7-4AF8-B4D5-C543250EB92B}.Debug|Any CPU.Build.0 = Debug|Any CPU
		{9746FC79-60F7-4AF8-B4D5-C543250EB92B}.Release|Any CPU.ActiveCfg = Release|Any CPU
		{9746FC79-60F7-4AF8-B4D5-C543250EB92B}.Release|Any CPU.Build.0 = Release|Any CPU
	EndGlobalSection
	GlobalSection(SolutionProperties) = preSolution
		HideSolutionNode = FALSE
	EndGlobalSection
	GlobalSection(ExtensibilityGlobals) = postSolution
		SolutionGuid = {724751DA-2991-4A67-8EEF-97DFC20B7B40}
	EndGlobalSection
EndGlobal
