
Microsoft Visual Studio Solution File, Format Version 12.00
# Visual Studio Version 17
VisualStudioVersion = 17.7.34221.43
MinimumVisualStudioVersion = 10.0.40219.1
Project("{9A19103F-16F7-4668-BE54-9A1E7A4F7556}") = "BSI.Integra.Servicios", "BSI.Integra.Servicios\BSI.Integra.Servicios.csproj", "{E83DFA15-627F-4A29-8BD7-14DBB2888A82}"
	ProjectSection(ProjectDependencies) = postProject
		{E17B0A37-EA3B-4669-AD78-C447A802E773} = {E17B0A37-EA3B-4669-AD78-C447A802E773}
	EndProjectSection
EndProject
Project("{9A19103F-16F7-4668-BE54-9A1E7A4F7556}") = "BSI.Integra.Aplicacion.Comercial", "BSI.Integra.Aplicacion.Comercial\BSI.Integra.Aplicacion.Comercial.csproj", "{9746FC79-60F7-4AF8-B4D5-C543250EB92B}"
EndProject
Project("{2150E333-8FDC-42A3-9474-1A3956D46DE8}") = "Persistencia", "Persistencia", "{7B030D5F-DB7F-448F-942B-CF7E8F9FEF1D}"
EndProject
Project("{9A19103F-16F7-4668-BE54-9A1E7A4F7556}") = "BSI.Integra.Persistencia", "BSI.Integra.Persistencia\BSI.Integra.Persistencia.csproj", "{E17B0A37-EA3B-4669-AD78-C447A802E773}"
EndProject
Project("{2150E333-8FDC-42A3-9474-1A3956D46DE8}") = "Aplicacion", "Aplicacion", "{D8CF025E-8210-45D1-A5B8-6EEE7265590F}"
EndProject
Project("{9A19103F-16F7-4668-BE54-9A1E7A4F7556}") = "BSI.Integra.Aplicacion.Base", "BSI.Integra.Aplicacion.Base\BSI.Integra.Aplicacion.Base.csproj", "{33BE3B64-7990-42C8-BAB3-85A4D5C5D9C8}"
EndProject
Project("{9A19103F-16F7-4668-BE54-9A1E7A4F7556}") = "BSI.Integra.Repositorio", "BSI.Integra.Repositorio\BSI.Integra.Repositorio.csproj", "{3BFA5626-D729-4184-9A62-751BEA478D65}"
EndProject
Global
	GlobalSection(SolutionConfigurationPlatforms) = preSolution
		Debug|Any CPU = Debug|Any CPU
		Release|Any CPU = Release|Any CPU
	EndGlobalSection
	GlobalSection(ProjectConfigurationPlatforms) = postSolution
		{E83DFA15-627F-4A29-8BD7-14DBB2888A82}.Debug|Any CPU.ActiveCfg = Debug|Any CPU
		{E83DFA15-627F-4A29-8BD7-14DBB2888A82}.Debug|Any CPU.Build.0 = Debug|Any CPU
		{E83DFA15-627F-4A29-8BD7-14DBB2888A82}.Release|Any CPU.ActiveCfg = Release|Any CPU
		{E83DFA15-627F-4A29-8BD7-14DBB2888A82}.Release|Any CPU.Build.0 = Release|Any CPU
		{9746FC79-60F7-4AF8-B4D5-C543250EB92B}.Debug|Any CPU.ActiveCfg = Debug|Any CPU
		{9746FC79-60F7-4AF8-B4D5-C543250EB92B}.Debug|Any CPU.Build.0 = Debug|Any CPU
		{9746FC79-60F7-4AF8-B4D5-C543250EB92B}.Release|Any CPU.ActiveCfg = Release|Any CPU
		{9746FC79-60F7-4AF8-B4D5-C543250EB92B}.Release|Any CPU.Build.0 = Release|Any CPU
		{E17B0A37-EA3B-4669-AD78-C447A802E773}.Debug|Any CPU.ActiveCfg = Debug|Any CPU
		{E17B0A37-EA3B-4669-AD78-C447A802E773}.Debug|Any CPU.Build.0 = Debug|Any CPU
		{E17B0A37-EA3B-4669-AD78-C447A802E773}.Release|Any CPU.ActiveCfg = Release|Any CPU
		{E17B0A37-EA3B-4669-AD78-C447A802E773}.Release|Any CPU.Build.0 = Release|Any CPU
		{33BE3B64-7990-42C8-BAB3-85A4D5C5D9C8}.Debug|Any CPU.ActiveCfg = Debug|Any CPU
		{33BE3B64-7990-42C8-BAB3-85A4D5C5D9C8}.Debug|Any CPU.Build.0 = Debug|Any CPU
		{33BE3B64-7990-42C8-BAB3-85A4D5C5D9C8}.Release|Any CPU.ActiveCfg = Release|Any CPU
		{33BE3B64-7990-42C8-BAB3-85A4D5C5D9C8}.Release|Any CPU.Build.0 = Release|Any CPU
		{3BFA5626-D729-4184-9A62-751BEA478D65}.Debug|Any CPU.ActiveCfg = Debug|Any CPU
		{3BFA5626-D729-4184-9A62-751BEA478D65}.Debug|Any CPU.Build.0 = Debug|Any CPU
		{3BFA5626-D729-4184-9A62-751BEA478D65}.Release|Any CPU.ActiveCfg = Release|Any CPU
		{3BFA5626-D729-4184-9A62-751BEA478D65}.Release|Any CPU.Build.0 = Release|Any CPU
	EndGlobalSection
	GlobalSection(SolutionProperties) = preSolution
		HideSolutionNode = FALSE
	EndGlobalSection
	GlobalSection(NestedProjects) = preSolution
		{E17B0A37-EA3B-4669-AD78-C447A802E773} = {7B030D5F-DB7F-448F-942B-CF7E8F9FEF1D}
		{33BE3B64-7990-42C8-BAB3-85A4D5C5D9C8} = {D8CF025E-8210-45D1-A5B8-6EEE7265590F}
		{3BFA5626-D729-4184-9A62-751BEA478D65} = {7B030D5F-DB7F-448F-942B-CF7E8F9FEF1D}
	EndGlobalSection
	GlobalSection(ExtensibilityGlobals) = postSolution
		SolutionGuid = {724751DA-2991-4A67-8EEF-97DFC20B7B40}
	EndGlobalSection
EndGlobal
