
Microsoft Visual Studio Solution File, Format Version 12.00
# Visual Studio Version 17
VisualStudioVersion = 17.7.34221.43
MinimumVisualStudioVersion = 10.0.40219.1
Project("{9A19103F-16F7-4668-BE54-9A1E7A4F7556}") = "BSI.Integra.Servicios", "BSI.Integra.Servicios\BSI.Integra.Servicios.csproj", "{E83DFA15-627F-4A29-8BD7-14DBB2888A82}"
	ProjectSection(ProjectDependencies) = postProject
		{E17B0A37-EA3B-4669-AD78-C447A802E773} = {E17B0A37-EA3B-4669-AD78-C447A802E773}
	EndProjectSection
EndProject
Project("{2150E333-8FDC-42A3-9474-1A3956D46DE8}") = "Persistencia", "Persistencia", "{7B030D5F-DB7F-448F-942B-CF7E8F9FEF1D}"
EndProject
Project("{9A19103F-16F7-4668-BE54-9A1E7A4F7556}") = "BSI.Integra.Persistencia", "BSI.Integra.Persistencia\BSI.Integra.Persistencia.csproj", "{E17B0A37-EA3B-4669-AD78-C447A802E773}"
EndProject
Project("{2150E333-8FDC-42A3-9474-1A3956D46DE8}") = "Aplicacion", "Aplicacion", "{D8CF025E-8210-45D1-A5B8-6EEE7265590F}"
EndProject
Project("{9A19103F-16F7-4668-BE54-9A1E7A4F7556}") = "BSI.Integra.Aplicacion.Base", "BSI.Integra.Aplicacion.Base\BSI.Integra.Aplicacion.Base.csproj", "{33BE3B64-7990-42C8-BAB3-85A4D5C5D9C8}"
EndProject
Project("{9A19103F-16F7-4668-BE54-9A1E7A4F7556}") = "BSI.Integra.Repositorio", "BSI.Integra.Repositorio\BSI.Integra.Repositorio.csproj", "{3BFA5626-D729-4184-9A62-751BEA478D65}"
EndProject
Project("{9A19103F-16F7-4668-BE54-9A1E7A4F7556}") = "BSI.Integra.Aplicacion.DTOs", "BSI.Integra.Aplicacion.DTOs\BSI.Integra.Aplicacion.DTOs.csproj", "{34756EA5-93CF-4256-90D8-1A212EDD1649}"
EndProject
Project("{9A19103F-16F7-4668-BE54-9A1E7A4F7556}") = "BSI.Integra.Aplicacion.Marketing", "BSI.Integra.Aplicacion.Marketing\BSI.Integra.Aplicacion.Marketing.csproj", "{29F42BB9-47C0-4648-80E2-47DDCED41D42}"
EndProject
Project("{9A19103F-16F7-4668-BE54-9A1E7A4F7556}") = "BSI.Integra.Aplicacion.Comercial", "BSI.Integra.Aplicacion.Comercial\BSI.Integra.Aplicacion.Comercial.csproj", "{8B01B133-5845-445E-930E-7ACDBA99A3ED}"
EndProject
Project("{9A19103F-16F7-4668-BE54-9A1E7A4F7556}") = "BSI.Integra.Aplicacion.Configuracion", "BSI.Integra.Aplicacion.Configuracion\BSI.Integra.Aplicacion.Configuracion.csproj", "{053BFF42-9579-469A-AC8E-5044B41362BD}"
EndProject
Project("{9A19103F-16F7-4668-BE54-9A1E7A4F7556}") = "BSI.Integra.Aplicacion.Planificacion", "BSI.Integra.Aplicacion.Planificacion\BSI.Integra.Aplicacion.Planificacion.csproj", "{93226321-4425-437D-8A49-92D75D17BD86}"
EndProject
Project("{9A19103F-16F7-4668-BE54-9A1E7A4F7556}") = "BSI.Integra.Aplicacion.Finanzas", "BSI.Integra.Aplicacion.Finanzas\BSI.Integra.Aplicacion.Finanzas.csproj", "{A7CD4F1A-28B5-4F02-806F-A106CFD81457}"
EndProject
Project("{9A19103F-16F7-4668-BE54-9A1E7A4F7556}") = "BSI.Integra.Aplicacion.GestionPersonas", "BSI.Integra.Aplicacion.GestionPersonas\BSI.Integra.Aplicacion.GestionPersonas.csproj", "{75CD247C-4D6B-4F5C-A5FD-A14E15C89DBD}"
EndProject
Project("{9A19103F-16F7-4668-BE54-9A1E7A4F7556}") = "BSI.Integra.Aplicacion.Servicios", "BSI.Integra.Aplicacion.Servicios\BSI.Integra.Aplicacion.Servicios.csproj", "{C3C58227-29CE-41D4-B69D-172DCEA893AF}"
EndProject
Project("{9A19103F-16F7-4668-BE54-9A1E7A4F7556}") = "BSI.Integra.Aplicacion.Transversal", "BSI.Integra.Aplicacion.Transversal\BSI.Integra.Aplicacion.Transversal.csproj", "{D0EA8544-DD69-45B7-B1D0-5210BF8ECDEA}"
EndProject
Project("{9A19103F-16F7-4668-BE54-9A1E7A4F7556}") = "BSI.Integra.Aplicacion.Operaciones", "BSI.Integra.Aplicacion.Operaciones\BSI.Integra.Aplicacion.Operaciones.csproj", "{C0E5FC26-7FD7-40F6-8ED8-05A732D32ABF}"
EndProject
Project("{FAE04EC0-301F-11D3-BF4B-00C04F79EFBC}") = "BSI.Integra.Aplicacion.Validators", "BSI.Integra.Aplicacion.Validators\BSI.Integra.Aplicacion.Validators.csproj", "{0546AF1B-3ADE-4EB7-9FE0-30AAE897901E}"
EndProject
Global
	GlobalSection(SolutionConfigurationPlatforms) = preSolution
		Debug|Any CPU = Debug|Any CPU
		Release|Any CPU = Release|Any CPU
	EndGlobalSection
	GlobalSection(ProjectConfigurationPlatforms) = postSolution
		{E83DFA15-627F-4A29-8BD7-14DBB2888A82}.Debug|Any CPU.ActiveCfg = Debug|Any CPU
		{E83DFA15-627F-4A29-8BD7-14DBB2888A82}.Debug|Any CPU.Build.0 = Debug|Any CPU
		{E83DFA15-627F-4A29-8BD7-14DBB2888A82}.Release|Any CPU.ActiveCfg = Release|Any CPU
		{E83DFA15-627F-4A29-8BD7-14DBB2888A82}.Release|Any CPU.Build.0 = Release|Any CPU
		{E17B0A37-EA3B-4669-AD78-C447A802E773}.Debug|Any CPU.ActiveCfg = Debug|Any CPU
		{E17B0A37-EA3B-4669-AD78-C447A802E773}.Debug|Any CPU.Build.0 = Debug|Any CPU
		{E17B0A37-EA3B-4669-AD78-C447A802E773}.Release|Any CPU.ActiveCfg = Release|Any CPU
		{E17B0A37-EA3B-4669-AD78-C447A802E773}.Release|Any CPU.Build.0 = Release|Any CPU
		{33BE3B64-7990-42C8-BAB3-85A4D5C5D9C8}.Debug|Any CPU.ActiveCfg = Debug|Any CPU
		{33BE3B64-7990-42C8-BAB3-85A4D5C5D9C8}.Debug|Any CPU.Build.0 = Debug|Any CPU
		{33BE3B64-7990-42C8-BAB3-85A4D5C5D9C8}.Release|Any CPU.ActiveCfg = Release|Any CPU
		{33BE3B64-7990-42C8-BAB3-85A4D5C5D9C8}.Release|Any CPU.Build.0 = Release|Any CPU
		{3BFA5626-D729-4184-9A62-751BEA478D65}.Debug|Any CPU.ActiveCfg = Debug|Any CPU
		{3BFA5626-D729-4184-9A62-751BEA478D65}.Debug|Any CPU.Build.0 = Debug|Any CPU
		{3BFA5626-D729-4184-9A62-751BEA478D65}.Release|Any CPU.ActiveCfg = Release|Any CPU
		{3BFA5626-D729-4184-9A62-751BEA478D65}.Release|Any CPU.Build.0 = Release|Any CPU
		{34756EA5-93CF-4256-90D8-1A212EDD1649}.Debug|Any CPU.ActiveCfg = Debug|Any CPU
		{34756EA5-93CF-4256-90D8-1A212EDD1649}.Debug|Any CPU.Build.0 = Debug|Any CPU
		{34756EA5-93CF-4256-90D8-1A212EDD1649}.Release|Any CPU.ActiveCfg = Release|Any CPU
		{34756EA5-93CF-4256-90D8-1A212EDD1649}.Release|Any CPU.Build.0 = Release|Any CPU
		{29F42BB9-47C0-4648-80E2-47DDCED41D42}.Debug|Any CPU.ActiveCfg = Debug|Any CPU
		{29F42BB9-47C0-4648-80E2-47DDCED41D42}.Debug|Any CPU.Build.0 = Debug|Any CPU
		{29F42BB9-47C0-4648-80E2-47DDCED41D42}.Release|Any CPU.ActiveCfg = Release|Any CPU
		{29F42BB9-47C0-4648-80E2-47DDCED41D42}.Release|Any CPU.Build.0 = Release|Any CPU
		{8B01B133-5845-445E-930E-7ACDBA99A3ED}.Debug|Any CPU.ActiveCfg = Debug|Any CPU
		{8B01B133-5845-445E-930E-7ACDBA99A3ED}.Debug|Any CPU.Build.0 = Debug|Any CPU
		{8B01B133-5845-445E-930E-7ACDBA99A3ED}.Release|Any CPU.ActiveCfg = Release|Any CPU
		{8B01B133-5845-445E-930E-7ACDBA99A3ED}.Release|Any CPU.Build.0 = Release|Any CPU
		{053BFF42-9579-469A-AC8E-5044B41362BD}.Debug|Any CPU.ActiveCfg = Debug|Any CPU
		{053BFF42-9579-469A-AC8E-5044B41362BD}.Debug|Any CPU.Build.0 = Debug|Any CPU
		{053BFF42-9579-469A-AC8E-5044B41362BD}.Release|Any CPU.ActiveCfg = Release|Any CPU
		{053BFF42-9579-469A-AC8E-5044B41362BD}.Release|Any CPU.Build.0 = Release|Any CPU
		{93226321-4425-437D-8A49-92D75D17BD86}.Debug|Any CPU.ActiveCfg = Debug|Any CPU
		{93226321-4425-437D-8A49-92D75D17BD86}.Debug|Any CPU.Build.0 = Debug|Any CPU
		{93226321-4425-437D-8A49-92D75D17BD86}.Release|Any CPU.ActiveCfg = Release|Any CPU
		{93226321-4425-437D-8A49-92D75D17BD86}.Release|Any CPU.Build.0 = Release|Any CPU
		{A7CD4F1A-28B5-4F02-806F-A106CFD81457}.Debug|Any CPU.ActiveCfg = Debug|Any CPU
		{A7CD4F1A-28B5-4F02-806F-A106CFD81457}.Debug|Any CPU.Build.0 = Debug|Any CPU
		{A7CD4F1A-28B5-4F02-806F-A106CFD81457}.Release|Any CPU.ActiveCfg = Release|Any CPU
		{A7CD4F1A-28B5-4F02-806F-A106CFD81457}.Release|Any CPU.Build.0 = Release|Any CPU
		{75CD247C-4D6B-4F5C-A5FD-A14E15C89DBD}.Debug|Any CPU.ActiveCfg = Debug|Any CPU
		{75CD247C-4D6B-4F5C-A5FD-A14E15C89DBD}.Debug|Any CPU.Build.0 = Debug|Any CPU
		{75CD247C-4D6B-4F5C-A5FD-A14E15C89DBD}.Release|Any CPU.ActiveCfg = Release|Any CPU
		{75CD247C-4D6B-4F5C-A5FD-A14E15C89DBD}.Release|Any CPU.Build.0 = Release|Any CPU
		{C3C58227-29CE-41D4-B69D-172DCEA893AF}.Debug|Any CPU.ActiveCfg = Debug|Any CPU
		{C3C58227-29CE-41D4-B69D-172DCEA893AF}.Debug|Any CPU.Build.0 = Debug|Any CPU
		{C3C58227-29CE-41D4-B69D-172DCEA893AF}.Release|Any CPU.ActiveCfg = Release|Any CPU
		{C3C58227-29CE-41D4-B69D-172DCEA893AF}.Release|Any CPU.Build.0 = Release|Any CPU
		{D0EA8544-DD69-45B7-B1D0-5210BF8ECDEA}.Debug|Any CPU.ActiveCfg = Debug|Any CPU
		{D0EA8544-DD69-45B7-B1D0-5210BF8ECDEA}.Debug|Any CPU.Build.0 = Debug|Any CPU
		{D0EA8544-DD69-45B7-B1D0-5210BF8ECDEA}.Release|Any CPU.ActiveCfg = Release|Any CPU
		{D0EA8544-DD69-45B7-B1D0-5210BF8ECDEA}.Release|Any CPU.Build.0 = Release|Any CPU
		{C0E5FC26-7FD7-40F6-8ED8-05A732D32ABF}.Debug|Any CPU.ActiveCfg = Debug|Any CPU
		{C0E5FC26-7FD7-40F6-8ED8-05A732D32ABF}.Debug|Any CPU.Build.0 = Debug|Any CPU
		{C0E5FC26-7FD7-40F6-8ED8-05A732D32ABF}.Release|Any CPU.ActiveCfg = Release|Any CPU
		{C0E5FC26-7FD7-40F6-8ED8-05A732D32ABF}.Release|Any CPU.Build.0 = Release|Any CPU
		{0546AF1B-3ADE-4EB7-9FE0-30AAE897901E}.Debug|Any CPU.ActiveCfg = Debug|Any CPU
		{0546AF1B-3ADE-4EB7-9FE0-30AAE897901E}.Debug|Any CPU.Build.0 = Debug|Any CPU
		{0546AF1B-3ADE-4EB7-9FE0-30AAE897901E}.Release|Any CPU.ActiveCfg = Release|Any CPU
		{0546AF1B-3ADE-4EB7-9FE0-30AAE897901E}.Release|Any CPU.Build.0 = Release|Any CPU
	EndGlobalSection
	GlobalSection(SolutionProperties) = preSolution
		HideSolutionNode = FALSE
	EndGlobalSection
	GlobalSection(NestedProjects) = preSolution
		{E17B0A37-EA3B-4669-AD78-C447A802E773} = {7B030D5F-DB7F-448F-942B-CF7E8F9FEF1D}
		{33BE3B64-7990-42C8-BAB3-85A4D5C5D9C8} = {D8CF025E-8210-45D1-A5B8-6EEE7265590F}
		{3BFA5626-D729-4184-9A62-751BEA478D65} = {7B030D5F-DB7F-448F-942B-CF7E8F9FEF1D}
		{34756EA5-93CF-4256-90D8-1A212EDD1649} = {D8CF025E-8210-45D1-A5B8-6EEE7265590F}
		{29F42BB9-47C0-4648-80E2-47DDCED41D42} = {D8CF025E-8210-45D1-A5B8-6EEE7265590F}
		{8B01B133-5845-445E-930E-7ACDBA99A3ED} = {D8CF025E-8210-45D1-A5B8-6EEE7265590F}
		{053BFF42-9579-469A-AC8E-5044B41362BD} = {D8CF025E-8210-45D1-A5B8-6EEE7265590F}
		{93226321-4425-437D-8A49-92D75D17BD86} = {D8CF025E-8210-45D1-A5B8-6EEE7265590F}
		{A7CD4F1A-28B5-4F02-806F-A106CFD81457} = {D8CF025E-8210-45D1-A5B8-6EEE7265590F}
		{75CD247C-4D6B-4F5C-A5FD-A14E15C89DBD} = {D8CF025E-8210-45D1-A5B8-6EEE7265590F}
		{C3C58227-29CE-41D4-B69D-172DCEA893AF} = {D8CF025E-8210-45D1-A5B8-6EEE7265590F}
		{D0EA8544-DD69-45B7-B1D0-5210BF8ECDEA} = {D8CF025E-8210-45D1-A5B8-6EEE7265590F}
		{C0E5FC26-7FD7-40F6-8ED8-05A732D32ABF} = {D8CF025E-8210-45D1-A5B8-6EEE7265590F}
		{0546AF1B-3ADE-4EB7-9FE0-30AAE897901E} = {D8CF025E-8210-45D1-A5B8-6EEE7265590F}
	EndGlobalSection
	GlobalSection(ExtensibilityGlobals) = postSolution
		SolutionGuid = {724751DA-2991-4A67-8EEF-97DFC20B7B40}
	EndGlobalSection
EndGlobal
